// !$*UTF8*$!
{
	archiveVersion = 1;
	classes = {
	};
	objectVersion = 56;
	objects = {

/* Begin PBXBuildFile section */
		1AE5277B2ACC61BF00CD4983 /* iTourSwiftDataApp.swift in Sources */ = {isa = PBXBuildFile; fileRef = 1AE5277A2ACC61BF00CD4983 /* iTourSwiftDataApp.swift */; };
		1AE5277D2ACC61BF00CD4983 /* ContentView.swift in Sources */ = {isa = PBXBuildFile; fileRef = 1AE5277C2ACC61BF00CD4983 /* ContentView.swift */; };
		1AE5277F2ACC61C000CD4983 /* Assets.xcassets in Resources */ = {isa = PBXBuildFile; fileRef = 1AE5277E2ACC61C000CD4983 /* Assets.xcassets */; };
		1AE527822ACC61C000CD4983 /* Preview Assets.xcassets in Resources */ = {isa = PBXBuildFile; fileRef = 1AE527812ACC61C000CD4983 /* Preview Assets.xcassets */; };
		1AE5278A2ACC61FA00CD4983 /* Destination.swift in Sources */ = {isa = PBXBuildFile; fileRef = 1AE527892ACC61FA00CD4983 /* Destination.swift */; };
		1AE5278C2ACC661F00CD4983 /* EditDestinationView.swift in Sources */ = {isa = PBXBuildFile; fileRef = 1AE5278B2ACC661F00CD4983 /* EditDestinationView.swift */; };
		1AE5278E2ACC6D3500CD4983 /* DestinationListingView.swift in Sources */ = {isa = PBXBuildFile; fileRef = 1AE5278D2ACC6D3500CD4983 /* DestinationListingView.swift */; };
		1AE527902ACC739400CD4983 /* Sight.swift in Sources */ = {isa = PBXBuildFile; fileRef = 1AE5278F2ACC739400CD4983 /* Sight.swift */; };
/* End PBXBuildFile section */

/* Begin PBXFileReference section */
		1AE527772ACC61BF00CD4983 /* iTourSwiftData.app */ = {isa = PBXFileReference; explicitFileType = wrapper.application; includeInIndex = 0; path = iTourSwiftData.app; sourceTree = BUILT_PRODUCTS_DIR; };
		1AE5277A2ACC61BF00CD4983 /* iTourSwiftDataApp.swift */ = {isa = PBXFileReference; lastKnownFileType = sourcecode.swift; path = iTourSwiftDataApp.swift; sourceTree = "<group>"; };
		1AE5277C2ACC61BF00CD4983 /* ContentView.swift */ = {isa = PBXFileReference; lastKnownFileType = sourcecode.swift; path = ContentView.swift; sourceTree = "<group>"; };
		1AE5277E2ACC61C000CD4983 /* Assets.xcassets */ = {isa = PBXFileReference; lastKnownFileType = folder.assetcatalog; path = Assets.xcassets; sourceTree = "<group>"; };
		1AE527812ACC61C000CD4983 /* Preview Assets.xcassets */ = {isa = PBXFileReference; lastKnownFileType = folder.assetcatalog; path = "Preview Assets.xcassets"; sourceTree = "<group>"; };
		1AE527892ACC61FA00CD4983 /* Destination.swift */ = {isa = PBXFileReference; lastKnownFileType = sourcecode.swift; path = Destination.swift; sourceTree = "<group>"; };
		1AE5278B2ACC661F00CD4983 /* EditDestinationView.swift */ = {isa = PBXFileReference; lastKnownFileType = sourcecode.swift; path = EditDestinationView.swift; sourceTree = "<group>"; };
		1AE5278D2ACC6D3500CD4983 /* DestinationListingView.swift */ = {isa = PBXFileReference; lastKnownFileType = sourcecode.swift; path = DestinationListingView.swift; sourceTree = "<group>"; };
		1AE5278F2ACC739400CD4983 /* Sight.swift */ = {isa = PBXFileReference; lastKnownFileType = sourcecode.swift; path = Sight.swift; sourceTree = "<group>"; };
/* End PBXFileReference section */

/* Begin PBXFrameworksBuildPhase section */
		1AE527742ACC61BF00CD4983 /* Frameworks */ = {
			isa = PBXFrameworksBuildPhase;
			buildActionMask = 2147483647;
			files = (
			);
			runOnlyForDeploymentPostprocessing = 0;
		};
/* End PBXFrameworksBuildPhase section */

/* Begin PBXGroup section */
		1AE5276E2ACC61BF00CD4983 = {
			isa = PBXGroup;
			children = (
				1AE527792ACC61BF00CD4983 /* iTourSwiftData */,
				1AE527782ACC61BF00CD4983 /* Products */,
			);
			sourceTree = "<group>";
		};
		1AE527782ACC61BF00CD4983 /* Products */ = {
			isa = PBXGroup;
			children = (
				1AE527772ACC61BF00CD4983 /* iTourSwiftData.app */,
			);
			name = Products;
			sourceTree = "<group>";
		};
		1AE527792ACC61BF00CD4983 /* iTourSwiftData */ = {
			isa = PBXGroup;
			children = (
				1AE527912ACC762C00CD4983 /* Views */,
				1AE527882ACC61D900CD4983 /* Models */,
				1AE527922ACC763E00CD4983 /* System */,
				1AE527932ACC764600CD4983 /* Resources */,
				1AE527802ACC61C000CD4983 /* Preview Content */,
			);
			path = iTourSwiftData;
			sourceTree = "<group>";
		};
		1AE527802ACC61C000CD4983 /* Preview Content */ = {
			isa = PBXGroup;
			children = (
				1AE527812ACC61C000CD4983 /* Preview Assets.xcassets */,
			);
			path = "Preview Content";
			sourceTree = "<group>";
		};
		1AE527882ACC61D900CD4983 /* Models */ = {
			isa = PBXGroup;
			children = (
				1AE527892ACC61FA00CD4983 /* Destination.swift */,
				1AE5278F2ACC739400CD4983 /* Sight.swift */,
			);
			name = Models;
			sourceTree = "<group>";
		};
		1AE527912ACC762C00CD4983 /* Views */ = {
			isa = PBXGroup;
			children = (
				1AE5277C2ACC61BF00CD4983 /* ContentView.swift */,
				1AE5278D2ACC6D3500CD4983 /* DestinationListingView.swift */,
				1AE5278B2ACC661F00CD4983 /* EditDestinationView.swift */,
			);
			name = Views;
			sourceTree = "<group>";
		};
		1AE527922ACC763E00CD4983 /* System */ = {
			isa = PBXGroup;
			children = (
				1AE5277A2ACC61BF00CD4983 /* iTourSwiftDataApp.swift */,
			);
			name = System;
			sourceTree = "<group>";
		};
		1AE527932ACC764600CD4983 /* Resources */ = {
			isa = PBXGroup;
			children = (
				1AE5277E2ACC61C000CD4983 /* Assets.xcassets */,
			);
			name = Resources;
			sourceTree = "<group>";
		};
/* End PBXGroup section */

/* Begin PBXNativeTarget section */
		1AE527762ACC61BF00CD4983 /* iTourSwiftData */ = {
			isa = PBXNativeTarget;
			buildConfigurationList = 1AE527852ACC61C000CD4983 /* Build configuration list for PBXNativeTarget "iTourSwiftData" */;
			buildPhases = (
				1AE527732ACC61BF00CD4983 /* Sources */,
				1AE527742ACC61BF00CD4983 /* Frameworks */,
				1AE527752ACC61BF00CD4983 /* Resources */,
			);
			buildRules = (
			);
			dependencies = (
			);
			name = iTourSwiftData;
			productName = iTourSwiftData;
			productReference = 1AE527772ACC61BF00CD4983 /* iTourSwiftData.app */;
			productType = "com.apple.product-type.application";
		};
/* End PBXNativeTarget section */

/* Begin PBXProject section */
		1AE5276F2ACC61BF00CD4983 /* Project object */ = {
			isa = PBXProject;
			attributes = {
				BuildIndependentTargetsInParallel = 1;
				LastSwiftUpdateCheck = 1500;
				LastUpgradeCheck = 1500;
				TargetAttributes = {
					1AE527762ACC61BF00CD4983 = {
						CreatedOnToolsVersion = 15.0;
					};
				};
			};
			buildConfigurationList = 1AE527722ACC61BF00CD4983 /* Build configuration list for PBXProject "iTourSwiftData" */;
			compatibilityVersion = "Xcode 14.0";
			developmentRegion = en;
			hasScannedForEncodings = 0;
			knownRegions = (
				en,
				Base,
			);
			mainGroup = 1AE5276E2ACC61BF00CD4983;
			productRefGroup = 1AE527782ACC61BF00CD4983 /* Products */;
			projectDirPath = "";
			projectRoot = "";
			targets = (
				1AE527762ACC61BF00CD4983 /* iTourSwiftData */,
			);
		};
/* End PBXProject section */

/* Begin PBXResourcesBuildPhase section */
		1AE527752ACC61BF00CD4983 /* Resources */ = {
			isa = PBXResourcesBuildPhase;
			buildActionMask = 2147483647;
			files = (
				1AE527822ACC61C000CD4983 /* Preview Assets.xcassets in Resources */,
				1AE5277F2ACC61C000CD4983 /* Assets.xcassets in Resources */,
			);
			runOnlyForDeploymentPostprocessing = 0;
		};
/* End PBXResourcesBuildPhase section */

/* Begin PBXSourcesBuildPhase section */
		1AE527732ACC61BF00CD4983 /* Sources */ = {
			isa = PBXSourcesBuildPhase;
			buildActionMask = 2147483647;
			files = (
				1AE5277D2ACC61BF00CD4983 /* ContentView.swift in Sources */,
				1AE5277B2ACC61BF00CD4983 /* iTourSwiftDataApp.swift in Sources */,
				1AE5278A2ACC61FA00CD4983 /* Destination.swift in Sources */,
				1AE527902ACC739400CD4983 /* Sight.swift in Sources */,
				1AE5278C2ACC661F00CD4983 /* EditDestinationView.swift in Sources */,
				1AE5278E2ACC6D3500CD4983 /* DestinationListingView.swift in Sources */,
			);
			runOnlyForDeploymentPostprocessing = 0;
		};
/* End PBXSourcesBuildPhase section */

/* Begin XCBuildConfiguration section */
		1AE527832ACC61C000CD4983 /* Debug */ = {
			isa = XCBuildConfiguration;
			buildSettings = {
				ALWAYS_SEARCH_USER_PATHS = NO;
				ASSETCATALOG_COMPILER_GENERATE_SWIFT_ASSET_SYMBOL_EXTENSIONS = YES;
				CLANG_ANALYZER_NONNULL = YES;
				CLANG_ANALYZER_NUMBER_OBJECT_CONVERSION = YES_AGGRESSIVE;
				CLANG_CXX_LANGUAGE_STANDARD = "gnu++20";
				CLANG_ENABLE_MODULES = YES;
				CLANG_ENABLE_OBJC_ARC = YES;
				CLANG_ENABLE_OBJC_WEAK = YES;
				CLANG_WARN_BLOCK_CAPTURE_AUTORELEASING = YES;
				CLANG_WARN_BOOL_CONVERSION = YES;
				CLANG_WARN_COMMA = YES;
				CLANG_WARN_CONSTANT_CONVERSION = YES;
				CLANG_WARN_DEPRECATED_OBJC_IMPLEMENTATIONS = YES;
				CLANG_WARN_DIRECT_OBJC_ISA_USAGE = YES_ERROR;
				CLANG_WARN_DOCUMENTATION_COMMENTS = YES;
				CLANG_WARN_EMPTY_BODY = YES;
				CLANG_WARN_ENUM_CONVERSION = YES;
				CLANG_WARN_INFINITE_RECURSION = YES;
				CLANG_WARN_INT_CONVERSION = YES;
				CLANG_WARN_NON_LITERAL_NULL_CONVERSION = YES;
				CLANG_WARN_OBJC_IMPLICIT_RETAIN_SELF = YES;
				CLANG_WARN_OBJC_LITERAL_CONVERSION = YES;
				CLANG_WARN_OBJC_ROOT_CLASS = YES_ERROR;
				CLANG_WARN_QUOTED_INCLUDE_IN_FRAMEWORK_HEADER = YES;
				CLANG_WARN_RANGE_LOOP_ANALYSIS = YES;
				CLANG_WARN_STRICT_PROTOTYPES = YES;
				CLANG_WARN_SUSPICIOUS_MOVE = YES;
				CLANG_WARN_UNGUARDED_AVAILABILITY = YES_AGGRESSIVE;
				CLANG_WARN_UNREACHABLE_CODE = YES;
				CLANG_WARN__DUPLICATE_METHOD_MATCH = YES;
				COPY_PHASE_STRIP = NO;
				DEBUG_INFORMATION_FORMAT = dwarf;
				ENABLE_STRICT_OBJC_MSGSEND = YES;
				ENABLE_TESTABILITY = YES;
				ENABLE_USER_SCRIPT_SANDBOXING = YES;
				GCC_C_LANGUAGE_STANDARD = gnu17;
				GCC_DYNAMIC_NO_PIC = NO;
				GCC_NO_COMMON_BLOCKS = YES;
				GCC_OPTIMIZATION_LEVEL = 0;
				GCC_PREPROCESSOR_DEFINITIONS = (
					"DEBUG=1",
					"$(inherited)",
				);
				GCC_WARN_64_TO_32_BIT_CONVERSION = YES;
				GCC_WARN_ABOUT_RETURN_TYPE = YES_ERROR;
				GCC_WARN_UNDECLARED_SELECTOR = YES;
				GCC_WARN_UNINITIALIZED_AUTOS = YES_AGGRESSIVE;
				GCC_WARN_UNUSED_FUNCTION = YES;
				GCC_WARN_UNUSED_VARIABLE = YES;
				IPHONEOS_DEPLOYMENT_TARGET = 17.0;
				LOCALIZATION_PREFERS_STRING_CATALOGS = YES;
				MTL_ENABLE_DEBUG_INFO = INCLUDE_SOURCE;
				MTL_FAST_MATH = YES;
				ONLY_ACTIVE_ARCH = YES;
				SDKROOT = iphoneos;
				SWIFT_ACTIVE_COMPILATION_CONDITIONS = "DEBUG $(inherited)";
				SWIFT_OPTIMIZATION_LEVEL = "-Onone";
			};
			name = Debug;
		};
		1AE527842ACC61C000CD4983 /* Release */ = {
			isa = XCBuildConfiguration;
			buildSettings = {
				ALWAYS_SEARCH_USER_PATHS = NO;
				ASSETCATALOG_COMPILER_GENERATE_SWIFT_ASSET_SYMBOL_EXTENSIONS = YES;
				CLANG_ANALYZER_NONNULL = YES;
				CLANG_ANALYZER_NUMBER_OBJECT_CONVERSION = YES_AGGRESSIVE;
				CLANG_CXX_LANGUAGE_STANDARD = "gnu++20";
				CLANG_ENABLE_MODULES = YES;
				CLANG_ENABLE_OBJC_ARC = YES;
				CLANG_ENABLE_OBJC_WEAK = YES;
				CLANG_WARN_BLOCK_CAPTURE_AUTORELEASING = YES;
				CLANG_WARN_BOOL_CONVERSION = YES;
				CLANG_WARN_COMMA = YES;
				CLANG_WARN_CONSTANT_CONVERSION = YES;
				CLANG_WARN_DEPRECATED_OBJC_IMPLEMENTATIONS = YES;
				CLANG_WARN_DIRECT_OBJC_ISA_USAGE = YES_ERROR;
				CLANG_WARN_DOCUMENTATION_COMMENTS = YES;
				CLANG_WARN_EMPTY_BODY = YES;
				CLANG_WARN_ENUM_CONVERSION = YES;
				CLANG_WARN_INFINITE_RECURSION = YES;
				CLANG_WARN_INT_CONVERSION = YES;
				CLANG_WARN_NON_LITERAL_NULL_CONVERSION = YES;
				CLANG_WARN_OBJC_IMPLICIT_RETAIN_SELF = YES;
				CLANG_WARN_OBJC_LITERAL_CONVERSION = YES;
				CLANG_WARN_OBJC_ROOT_CLASS = YES_ERROR;
				CLANG_WARN_QUOTED_INCLUDE_IN_FRAMEWORK_HEADER = YES;
				CLANG_WARN_RANGE_LOOP_ANALYSIS = YES;
				CLANG_WARN_STRICT_PROTOTYPES = YES;
				CLANG_WARN_SUSPICIOUS_MOVE = YES;
				CLANG_WARN_UNGUARDED_AVAILABILITY = YES_AGGRESSIVE;
				CLANG_WARN_UNREACHABLE_CODE = YES;
				CLANG_WARN__DUPLICATE_METHOD_MATCH = YES;
				COPY_PHASE_STRIP = NO;
				DEBUG_INFORMATION_FORMAT = "dwarf-with-dsym";
				ENABLE_NS_ASSERTIONS = NO;
				ENABLE_STRICT_OBJC_MSGSEND = YES;
				ENABLE_USER_SCRIPT_SANDBOXING = YES;
				GCC_C_LANGUAGE_STANDARD = gnu17;
				GCC_NO_COMMON_BLOCKS = YES;
				GCC_WARN_64_TO_32_BIT_CONVERSION = YES;
				GCC_WARN_ABOUT_RETURN_TYPE = YES_ERROR;
				GCC_WARN_UNDECLARED_SELECTOR = YES;
				GCC_WARN_UNINITIALIZED_AUTOS = YES_AGGRESSIVE;
				GCC_WARN_UNUSED_FUNCTION = YES;
				GCC_WARN_UNUSED_VARIABLE = YES;
				IPHONEOS_DEPLOYMENT_TARGET = 17.0;
				LOCALIZATION_PREFERS_STRING_CATALOGS = YES;
				MTL_ENABLE_DEBUG_INFO = NO;
				MTL_FAST_MATH = YES;
				SDKROOT = iphoneos;
				SWIFT_COMPILATION_MODE = wholemodule;
				VALIDATE_PRODUCT = YES;
			};
			name = Release;
		};
		1AE527862ACC61C000CD4983 /* Debug */ = {
			isa = XCBuildConfiguration;
			buildSettings = {
				ASSETCATALOG_COMPILER_APPICON_NAME = AppIcon;
				ASSETCATALOG_COMPILER_GLOBAL_ACCENT_COLOR_NAME = AccentColor;
				CODE_SIGN_STYLE = Automatic;
				CURRENT_PROJECT_VERSION = 1;
				DEVELOPMENT_ASSET_PATHS = "\"iTourSwiftData/Preview Content\"";
				DEVELOPMENT_TEAM = 5X587S7WGV;
				ENABLE_PREVIEWS = YES;
				GENERATE_INFOPLIST_FILE = YES;
				INFOPLIST_KEY_UIApplicationSceneManifest_Generation = YES;
				INFOPLIST_KEY_UIApplicationSupportsIndirectInputEvents = YES;
				INFOPLIST_KEY_UILaunchScreen_Generation = YES;
				INFOPLIST_KEY_UISupportedInterfaceOrientations_iPad = "UIInterfaceOrientationPortrait UIInterfaceOrientationPortraitUpsideDown UIInterfaceOrientationLandscapeLeft UIInterfaceOrientationLandscapeRight";
				INFOPLIST_KEY_UISupportedInterfaceOrientations_iPhone = "UIInterfaceOrientationPortrait UIInterfaceOrientationLandscapeLeft UIInterfaceOrientationLandscapeRight";
				LD_RUNPATH_SEARCH_PATHS = (
					"$(inherited)",
					"@executable_path/Frameworks",
				);
				MARKETING_VERSION = 1.0;
				PRODUCT_BUNDLE_IDENTIFIER = com.bito.iTourSwiftData;
				PRODUCT_NAME = "$(TARGET_NAME)";
				SWIFT_EMIT_LOC_STRINGS = YES;
				SWIFT_VERSION = 5.0;
				TARGETED_DEVICE_FAMILY = "1,2";
			};
			name = Debug;
		};
		1AE527872ACC61C000CD4983 /* Release */ = {
			isa = XCBuildConfiguration;
			buildSettings = {
				ASSETCATALOG_COMPILER_APPICON_NAME = AppIcon;
				ASSETCATALOG_COMPILER_GLOBAL_ACCENT_COLOR_NAME = AccentColor;
				CODE_SIGN_STYLE = Automatic;
				CURRENT_PROJECT_VERSION = 1;
				DEVELOPMENT_ASSET_PATHS = "\"iTourSwiftData/Preview Content\"";
				DEVELOPMENT_TEAM = 5X587S7WGV;
				ENABLE_PREVIEWS = YES;
				GENERATE_INFOPLIST_FILE = YES;
				INFOPLIST_KEY_UIApplicationSceneManifest_Generation = YES;
				INFOPLIST_KEY_UIApplicationSupportsIndirectInputEvents = YES;
				INFOPLIST_KEY_UILaunchScreen_Generation = YES;
				INFOPLIST_KEY_UISupportedInterfaceOrientations_iPad = "UIInterfaceOrientationPortrait UIInterfaceOrientationPortraitUpsideDown UIInterfaceOrientationLandscapeLeft UIInterfaceOrientationLandscapeRight";
				INFOPLIST_KEY_UISupportedInterfaceOrientations_iPhone = "UIInterfaceOrientationPortrait UIInterfaceOrientationLandscapeLeft UIInterfaceOrientationLandscapeRight";
				LD_RUNPATH_SEARCH_PATHS = (
					"$(inherited)",
					"@executable_path/Frameworks",
				);
				MARKETING_VERSION = 1.0;
				PRODUCT_BUNDLE_IDENTIFIER = com.bito.iTourSwiftData;
				PRODUCT_NAME = "$(TARGET_NAME)";
				SWIFT_EMIT_LOC_STRINGS = YES;
				SWIFT_VERSION = 5.0;
				TARGETED_DEVICE_FAMILY = "1,2";
			};
			name = Release;
		};
/* End XCBuildConfiguration section */

/* Begin XCConfigurationList section */
		1AE527722ACC61BF00CD4983 /* Build configuration list for PBXProject "iTourSwiftData" */ = {
			isa = XCConfigurationList;
			buildConfigurations = (
				1AE527832ACC61C000CD4983 /* Debug */,
				1AE527842ACC61C000CD4983 /* Release */,
			);
			defaultConfigurationIsVisible = 0;
			defaultConfigurationName = Release;
		};
		1AE527852ACC61C000CD4983 /* Build configuration list for PBXNativeTarget "iTourSwiftData" */ = {
			isa = XCConfigurationList;
			buildConfigurations = (
				1AE527862ACC61C000CD4983 /* Debug */,
				1AE527872ACC61C000CD4983 /* Release */,
			);
			defaultConfigurationIsVisible = 0;
			defaultConfigurationName = Release;
		};
/* End XCConfigurationList section */
	};
	rootObject = 1AE5276F2ACC61BF00CD4983 /* Project object */;
}
